// !$*UTF8*$!
{
	archiveVersion = 1;
	classes = {
	};
	objectVersion = 77;
	objects = {

/* Begin PBXBuildFile section */
		87215B452E1C34CF00362AD1 /* Lottie in Frameworks */ = {isa = PBXBuildFile; productRef = 87215B442E1C34CF00362AD1 /* Lottie */; };
		8723FD2B2DC4AD6700F1E216 /* Inject in Frameworks */ = {isa = PBXBuildFile; productRef = 8723FD2A2DC4AD6700F1E216 /* Inject */; };
		87BFCFBA2E35ECFD00B3EF44 /* GoogleSignIn in Frameworks */ = {isa = PBXBuildFile; productRef = 87BFCFB92E35ECFD00B3EF44 /* GoogleSignIn */; };
		87BFCFBC2E35ECFD00B3EF44 /* GoogleSignInSwift in Frameworks */ = {isa = PBXBuildFile; productRef = 87BFCFBB2E35ECFD00B3EF44 /* GoogleSignInSwift */; };
		87BFCFCA2E35F98A00B3EF44 /* FirebaseAnalytics in Frameworks */ = {isa = PBXBuildFile; productRef = 87BFCFC92E35F98A00B3EF44 /* FirebaseAnalytics */; };
		87BFCFCC2E35F98A00B3EF44 /* FirebaseAuth in Frameworks */ = {isa = PBXBuildFile; productRef = 87BFCFCB2E35F98A00B3EF44 /* FirebaseAuth */; };
		87BFCFCE2E35F98A00B3EF44 /* FirebaseCore in Frameworks */ = {isa = PBXBuildFile; productRef = 87BFCFCD2E35F98A00B3EF44 /* FirebaseCore */; };
		87BFCFD02E35F98A00B3EF44 /* FirebaseDatabase in Frameworks */ = {isa = PBXBuildFile; productRef = 87BFCFCF2E35F98A00B3EF44 /* FirebaseDatabase */; };
		87BFCFD22E35F98A00B3EF44 /* FirebaseFirestore in Frameworks */ = {isa = PBXBuildFile; productRef = 87BFCFD12E35F98A00B3EF44 /* FirebaseFirestore */; };
		87BFCFD42E35F98A00B3EF44 /* FirebaseStorage in Frameworks */ = {isa = PBXBuildFile; productRef = 87BFCFD32E35F98A00B3EF44 /* FirebaseStorage */; };
/* End PBXBuildFile section */

/* Begin PBXContainerItemProxy section */
		871C0D612DA0427D0030AD3A /* PBXContainerItemProxy */ = {
			isa = PBXContainerItemProxy;
			containerPortal = 871C0D482DA0427C0030AD3A /* Project object */;
			proxyType = 1;
			remoteGlobalIDString = 871C0D4F2DA0427C0030AD3A;
			remoteInfo = 01;
		};
		871C0D6B2DA0427D0030AD3A /* PBXContainerItemProxy */ = {
			isa = PBXContainerItemProxy;
			containerPortal = 871C0D482DA0427C0030AD3A /* Project object */;
			proxyType = 1;
			remoteGlobalIDString = 871C0D4F2DA0427C0030AD3A;
			remoteInfo = 01;
		};
/* End PBXContainerItemProxy section */

/* Begin PBXFileReference section */
		871C0D502DA0427C0030AD3A /* 01.app */ = {isa = PBXFileReference; explicitFileType = wrapper.application; includeInIndex = 0; path = 01.app; sourceTree = BUILT_PRODUCTS_DIR; };
		871C0D602DA0427D0030AD3A /* 01Tests.xctest */ = {isa = PBXFileReference; explicitFileType = wrapper.cfbundle; includeInIndex = 0; path = 01Tests.xctest; sourceTree = BUILT_PRODUCTS_DIR; };
		871C0D6A2DA0427D0030AD3A /* 01UITests.xctest */ = {isa = PBXFileReference; explicitFileType = wrapper.cfbundle; includeInIndex = 0; path = 01UITests.xctest; sourceTree = BUILT_PRODUCTS_DIR; };
/* End PBXFileReference section */

/* Begin PBXFileSystemSynchronizedRootGroup section */
		871C0D522DA0427C0030AD3A /* 01 */ = {
			isa = PBXFileSystemSynchronizedRootGroup;
			path = 01;
			sourceTree = "<group>";
		};
		871C0D632DA0427D0030AD3A /* 01Tests */ = {
			isa = PBXFileSystemSynchronizedRootGroup;
			path = 01Tests;
			sourceTree = "<group>";
		};
		871C0D6D2DA0427D0030AD3A /* 01UITests */ = {
			isa = PBXFileSystemSynchronizedRootGroup;
			path = 01UITests;
			sourceTree = "<group>";
		};
/* End PBXFileSystemSynchronizedRootGroup section */

/* Begin PBXFrameworksBuildPhase section */
		871C0D4D2DA0427C0030AD3A /* Frameworks */ = {
			isa = PBXFrameworksBuildPhase;
			buildActionMask = 2147483647;
			files = (
				87BFCFBC2E35ECFD00B3EF44 /* GoogleSignInSwift in Frameworks */,
				87BFCFCC2E35F98A00B3EF44 /* FirebaseAuth in Frameworks */,
				8723FD2B2DC4AD6700F1E216 /* Inject in Frameworks */,
				87BFCFD42E35F98A00B3EF44 /* FirebaseStorage in Frameworks */,
				87BFCFBA2E35ECFD00B3EF44 /* GoogleSignIn in Frameworks */,
				87BFCFCE2E35F98A00B3EF44 /* FirebaseCore in Frameworks */,
				87BFCFD22E35F98A00B3EF44 /* FirebaseFirestore in Frameworks */,
				87BFCFCA2E35F98A00B3EF44 /* FirebaseAnalytics in Frameworks */,
				87BFCFD02E35F98A00B3EF44 /* FirebaseDatabase in Frameworks */,
				87215B452E1C34CF00362AD1 /* Lottie in Frameworks */,
			);
			runOnlyForDeploymentPostprocessing = 0;
		};
		871C0D5D2DA0427D0030AD3A /* Frameworks */ = {
			isa = PBXFrameworksBuildPhase;
			buildActionMask = 2147483647;
			files = (
			);
			runOnlyForDeploymentPostprocessing = 0;
		};
		871C0D672DA0427D0030AD3A /* Frameworks */ = {
			isa = PBXFrameworksBuildPhase;
			buildActionMask = 2147483647;
			files = (
			);
			runOnlyForDeploymentPostprocessing = 0;
		};
/* End PBXFrameworksBuildPhase section */

/* Begin PBXGroup section */
		871C0D472DA0427C0030AD3A = {
			isa = PBXGroup;
			children = (
				871C0D522DA0427C0030AD3A /* 01 */,
				871C0D632DA0427D0030AD3A /* 01Tests */,
				871C0D6D2DA0427D0030AD3A /* 01UITests */,
				871C0D512DA0427C0030AD3A /* Products */,
			);
			sourceTree = "<group>";
		};
		871C0D512DA0427C0030AD3A /* Products */ = {
			isa = PBXGroup;
			children = (
				871C0D502DA0427C0030AD3A /* 01.app */,
				871C0D602DA0427D0030AD3A /* 01Tests.xctest */,
				871C0D6A2DA0427D0030AD3A /* 01UITests.xctest */,
			);
			name = Products;
			sourceTree = "<group>";
		};
/* End PBXGroup section */

/* Begin PBXNativeTarget section */
		871C0D4F2DA0427C0030AD3A /* 01 */ = {
			isa = PBXNativeTarget;
			buildConfigurationList = 871C0D742DA0427D0030AD3A /* Build configuration list for PBXNativeTarget "01" */;
			buildPhases = (
				871C0D4C2DA0427C0030AD3A /* Sources */,
				871C0D4D2DA0427C0030AD3A /* Frameworks */,
				871C0D4E2DA0427C0030AD3A /* Resources */,
			);
			buildRules = (
			);
			dependencies = (
			);
			fileSystemSynchronizedGroups = (
				871C0D522DA0427C0030AD3A /* 01 */,
			);
			name = 01;
			packageProductDependencies = (
				8723FD2A2DC4AD6700F1E216 /* Inject */,
				87215B442E1C34CF00362AD1 /* Lottie */,
				87BFCFB92E35ECFD00B3EF44 /* GoogleSignIn */,
				87BFCFBB2E35ECFD00B3EF44 /* GoogleSignInSwift */,
				87BFCFC92E35F98A00B3EF44 /* FirebaseAnalytics */,
				87BFCFCB2E35F98A00B3EF44 /* FirebaseAuth */,
				87BFCFCD2E35F98A00B3EF44 /* FirebaseCore */,
				87BFCFCF2E35F98A00B3EF44 /* FirebaseDatabase */,
				87BFCFD12E35F98A00B3EF44 /* FirebaseFirestore */,
				87BFCFD32E35F98A00B3EF44 /* FirebaseStorage */,
			);
			productName = 01;
			productReference = 871C0D502DA0427C0030AD3A /* 01.app */;
			productType = "com.apple.product-type.application";
		};
		871C0D5F2DA0427D0030AD3A /* 01Tests */ = {
			isa = PBXNativeTarget;
			buildConfigurationList = 871C0D772DA0427D0030AD3A /* Build configuration list for PBXNativeTarget "01Tests" */;
			buildPhases = (
				871C0D5C2DA0427D0030AD3A /* Sources */,
				871C0D5D2DA0427D0030AD3A /* Frameworks */,
				871C0D5E2DA0427D0030AD3A /* Resources */,
			);
			buildRules = (
			);
			dependencies = (
				871C0D622DA0427D0030AD3A /* PBXTargetDependency */,
			);
			fileSystemSynchronizedGroups = (
				871C0D632DA0427D0030AD3A /* 01Tests */,
			);
			name = 01Tests;
			packageProductDependencies = (
			);
			productName = 01Tests;
			productReference = 871C0D602DA0427D0030AD3A /* 01Tests.xctest */;
			productType = "com.apple.product-type.bundle.unit-test";
		};
		871C0D692DA0427D0030AD3A /* 01UITests */ = {
			isa = PBXNativeTarget;
			buildConfigurationList = 871C0D7A2DA0427D0030AD3A /* Build configuration list for PBXNativeTarget "01UITests" */;
			buildPhases = (
				871C0D662DA0427D0030AD3A /* Sources */,
				871C0D672DA0427D0030AD3A /* Frameworks */,
				871C0D682DA0427D0030AD3A /* Resources */,
			);
			buildRules = (
			);
			dependencies = (
				871C0D6C2DA0427D0030AD3A /* PBXTargetDependency */,
			);
			fileSystemSynchronizedGroups = (
				871C0D6D2DA0427D0030AD3A /* 01UITests */,
			);
			name = 01UITests;
			packageProductDependencies = (
			);
			productName = 01UITests;
			productReference = 871C0D6A2DA0427D0030AD3A /* 01UITests.xctest */;
			productType = "com.apple.product-type.bundle.ui-testing";
		};
/* End PBXNativeTarget section */

/* Begin PBXProject section */
		871C0D482DA0427C0030AD3A /* Project object */ = {
			isa = PBXProject;
			attributes = {
				BuildIndependentTargetsInParallel = 1;
				LastSwiftUpdateCheck = 1620;
				LastUpgradeCheck = 1620;
				TargetAttributes = {
					871C0D4F2DA0427C0030AD3A = {
						CreatedOnToolsVersion = 16.2;
					};
					871C0D5F2DA0427D0030AD3A = {
						CreatedOnToolsVersion = 16.2;
						TestTargetID = 871C0D4F2DA0427C0030AD3A;
					};
					871C0D692DA0427D0030AD3A = {
						CreatedOnToolsVersion = 16.2;
						TestTargetID = 871C0D4F2DA0427C0030AD3A;
					};
				};
			};
			buildConfigurationList = 871C0D4B2DA0427C0030AD3A /* Build configuration list for PBXProject "01" */;
			developmentRegion = en;
			hasScannedForEncodings = 0;
			knownRegions = (
				en,
				Base,
			);
			mainGroup = 871C0D472DA0427C0030AD3A;
			minimizedProjectReferenceProxies = 1;
			packageReferences = (
				8723FD292DC4AD6700F1E216 /* XCRemoteSwiftPackageReference "Inject" */,
				87215B432E1C34CF00362AD1 /* XCRemoteSwiftPackageReference "lottie-spm" */,
				87BFCFB82E35ECFD00B3EF44 /* XCRemoteSwiftPackageReference "GoogleSignIn-iOS" */,
				87BFCFC82E35F98A00B3EF44 /* XCRemoteSwiftPackageReference "firebase-ios-sdk" */,
			);
			preferredProjectObjectVersion = 77;
			productRefGroup = 871C0D512DA0427C0030AD3A /* Products */;
			projectDirPath = "";
			projectRoot = "";
			targets = (
				871C0D4F2DA0427C0030AD3A /* 01 */,
				871C0D5F2DA0427D0030AD3A /* 01Tests */,
				871C0D692DA0427D0030AD3A /* 01UITests */,
			);
		};
/* End PBXProject section */

/* Begin PBXResourcesBuildPhase section */
		871C0D4E2DA0427C0030AD3A /* Resources */ = {
			isa = PBXResourcesBuildPhase;
			buildActionMask = 2147483647;
			files = (
			);
			runOnlyForDeploymentPostprocessing = 0;
		};
		871C0D5E2DA0427D0030AD3A /* Resources */ = {
			isa = PBXResourcesBuildPhase;
			buildActionMask = 2147483647;
			files = (
			);
			runOnlyForDeploymentPostprocessing = 0;
		};
		871C0D682DA0427D0030AD3A /* Resources */ = {
			isa = PBXResourcesBuildPhase;
			buildActionMask = 2147483647;
			files = (
			);
			runOnlyForDeploymentPostprocessing = 0;
		};
/* End PBXResourcesBuildPhase section */

/* Begin PBXSourcesBuildPhase section */
		871C0D4C2DA0427C0030AD3A /* Sources */ = {
			isa = PBXSourcesBuildPhase;
			buildActionMask = 2147483647;
			files = (
			);
			runOnlyForDeploymentPostprocessing = 0;
		};
		871C0D5C2DA0427D0030AD3A /* Sources */ = {
			isa = PBXSourcesBuildPhase;
			buildActionMask = 2147483647;
			files = (
			);
			runOnlyForDeploymentPostprocessing = 0;
		};
		871C0D662DA0427D0030AD3A /* Sources */ = {
			isa = PBXSourcesBuildPhase;
			buildActionMask = 2147483647;
			files = (
			);
			runOnlyForDeploymentPostprocessing = 0;
		};
/* End PBXSourcesBuildPhase section */

/* Begin PBXTargetDependency section */
		871C0D622DA0427D0030AD3A /* PBXTargetDependency */ = {
			isa = PBXTargetDependency;
			target = 871C0D4F2DA0427C0030AD3A /* 01 */;
			targetProxy = 871C0D612DA0427D0030AD3A /* PBXContainerItemProxy */;
		};
		871C0D6C2DA0427D0030AD3A /* PBXTargetDependency */ = {
			isa = PBXTargetDependency;
			target = 871C0D4F2DA0427C0030AD3A /* 01 */;
			targetProxy = 871C0D6B2DA0427D0030AD3A /* PBXContainerItemProxy */;
		};
/* End PBXTargetDependency section */

/* Begin XCBuildConfiguration section */
		871C0D722DA0427D0030AD3A /* Debug */ = {
			isa = XCBuildConfiguration;
			buildSettings = {
				ALWAYS_SEARCH_USER_PATHS = NO;
				ASSETCATALOG_COMPILER_GENERATE_SWIFT_ASSET_SYMBOL_EXTENSIONS = YES;
				CLANG_ANALYZER_NONNULL = YES;
				CLANG_ANALYZER_NUMBER_OBJECT_CONVERSION = YES_AGGRESSIVE;
				CLANG_CXX_LANGUAGE_STANDARD = "gnu++20";
				CLANG_ENABLE_MODULES = YES;
				CLANG_ENABLE_OBJC_ARC = YES;
				CLANG_ENABLE_OBJC_WEAK = YES;
				CLANG_WARN_BLOCK_CAPTURE_AUTORELEASING = YES;
				CLANG_WARN_BOOL_CONVERSION = YES;
				CLANG_WARN_COMMA = YES;
				CLANG_WARN_CONSTANT_CONVERSION = YES;
				CLANG_WARN_DEPRECATED_OBJC_IMPLEMENTATIONS = YES;
				CLANG_WARN_DIRECT_OBJC_ISA_USAGE = YES_ERROR;
				CLANG_WARN_DOCUMENTATION_COMMENTS = YES;
				CLANG_WARN_EMPTY_BODY = YES;
				CLANG_WARN_ENUM_CONVERSION = YES;
				CLANG_WARN_INFINITE_RECURSION = YES;
				CLANG_WARN_INT_CONVERSION = YES;
				CLANG_WARN_NON_LITERAL_NULL_CONVERSION = YES;
				CLANG_WARN_OBJC_IMPLICIT_RETAIN_SELF = YES;
				CLANG_WARN_OBJC_LITERAL_CONVERSION = YES;
				CLANG_WARN_OBJC_ROOT_CLASS = YES_ERROR;
				CLANG_WARN_QUOTED_INCLUDE_IN_FRAMEWORK_HEADER = YES;
				CLANG_WARN_RANGE_LOOP_ANALYSIS = YES;
				CLANG_WARN_STRICT_PROTOTYPES = YES;
				CLANG_WARN_SUSPICIOUS_MOVE = YES;
				CLANG_WARN_UNGUARDED_AVAILABILITY = YES_AGGRESSIVE;
				CLANG_WARN_UNREACHABLE_CODE = YES;
				CLANG_WARN__DUPLICATE_METHOD_MATCH = YES;
				COPY_PHASE_STRIP = NO;
				DEBUG_INFORMATION_FORMAT = dwarf;
				ENABLE_STRICT_OBJC_MSGSEND = YES;
				ENABLE_TESTABILITY = YES;
				ENABLE_USER_SCRIPT_SANDBOXING = YES;
				GCC_C_LANGUAGE_STANDARD = gnu17;
				GCC_DYNAMIC_NO_PIC = NO;
				GCC_NO_COMMON_BLOCKS = YES;
				GCC_OPTIMIZATION_LEVEL = 0;
				GCC_PREPROCESSOR_DEFINITIONS = (
					"DEBUG=1",
					"$(inherited)",
				);
				GCC_WARN_64_TO_32_BIT_CONVERSION = YES;
				GCC_WARN_ABOUT_RETURN_TYPE = YES_ERROR;
				GCC_WARN_UNDECLARED_SELECTOR = YES;
				GCC_WARN_UNINITIALIZED_AUTOS = YES_AGGRESSIVE;
				GCC_WARN_UNUSED_FUNCTION = YES;
				GCC_WARN_UNUSED_VARIABLE = YES;
				IPHONEOS_DEPLOYMENT_TARGET = 18.2;
				LOCALIZATION_PREFERS_STRING_CATALOGS = YES;
				MTL_ENABLE_DEBUG_INFO = INCLUDE_SOURCE;
				MTL_FAST_MATH = YES;
				ONLY_ACTIVE_ARCH = YES;
				SDKROOT = iphoneos;
				SWIFT_ACTIVE_COMPILATION_CONDITIONS = "DEBUG $(inherited)";
				SWIFT_OPTIMIZATION_LEVEL = "-Onone";
			};
			name = Debug;
		};
		871C0D732DA0427D0030AD3A /* Release */ = {
			isa = XCBuildConfiguration;
			buildSettings = {
				ALWAYS_SEARCH_USER_PATHS = NO;
				ASSETCATALOG_COMPILER_GENERATE_SWIFT_ASSET_SYMBOL_EXTENSIONS = YES;
				CLANG_ANALYZER_NONNULL = YES;
				CLANG_ANALYZER_NUMBER_OBJECT_CONVERSION = YES_AGGRESSIVE;
				CLANG_CXX_LANGUAGE_STANDARD = "gnu++20";
				CLANG_ENABLE_MODULES = YES;
				CLANG_ENABLE_OBJC_ARC = YES;
				CLANG_ENABLE_OBJC_WEAK = YES;
				CLANG_WARN_BLOCK_CAPTURE_AUTORELEASING = YES;
				CLANG_WARN_BOOL_CONVERSION = YES;
				CLANG_WARN_COMMA = YES;
				CLANG_WARN_CONSTANT_CONVERSION = YES;
				CLANG_WARN_DEPRECATED_OBJC_IMPLEMENTATIONS = YES;
				CLANG_WARN_DIRECT_OBJC_ISA_USAGE = YES_ERROR;
				CLANG_WARN_DOCUMENTATION_COMMENTS = YES;
				CLANG_WARN_EMPTY_BODY = YES;
				CLANG_WARN_ENUM_CONVERSION = YES;
				CLANG_WARN_INFINITE_RECURSION = YES;
				CLANG_WARN_INT_CONVERSION = YES;
				CLANG_WARN_NON_LITERAL_NULL_CONVERSION = YES;
				CLANG_WARN_OBJC_IMPLICIT_RETAIN_SELF = YES;
				CLANG_WARN_OBJC_LITERAL_CONVERSION = YES;
				CLANG_WARN_OBJC_ROOT_CLASS = YES_ERROR;
				CLANG_WARN_QUOTED_INCLUDE_IN_FRAMEWORK_HEADER = YES;
				CLANG_WARN_RANGE_LOOP_ANALYSIS = YES;
				CLANG_WARN_STRICT_PROTOTYPES = YES;
				CLANG_WARN_SUSPICIOUS_MOVE = YES;
				CLANG_WARN_UNGUARDED_AVAILABILITY = YES_AGGRESSIVE;
				CLANG_WARN_UNREACHABLE_CODE = YES;
				CLANG_WARN__DUPLICATE_METHOD_MATCH = YES;
				COPY_PHASE_STRIP = NO;
				DEBUG_INFORMATION_FORMAT = "dwarf-with-dsym";
				ENABLE_NS_ASSERTIONS = NO;
				ENABLE_STRICT_OBJC_MSGSEND = YES;
				ENABLE_USER_SCRIPT_SANDBOXING = YES;
				GCC_C_LANGUAGE_STANDARD = gnu17;
				GCC_NO_COMMON_BLOCKS = YES;
				GCC_WARN_64_TO_32_BIT_CONVERSION = YES;
				GCC_WARN_ABOUT_RETURN_TYPE = YES_ERROR;
				GCC_WARN_UNDECLARED_SELECTOR = YES;
				GCC_WARN_UNINITIALIZED_AUTOS = YES_AGGRESSIVE;
				GCC_WARN_UNUSED_FUNCTION = YES;
				GCC_WARN_UNUSED_VARIABLE = YES;
				IPHONEOS_DEPLOYMENT_TARGET = 18.2;
				LOCALIZATION_PREFERS_STRING_CATALOGS = YES;
				MTL_ENABLE_DEBUG_INFO = NO;
				MTL_FAST_MATH = YES;
				SDKROOT = iphoneos;
				SWIFT_COMPILATION_MODE = wholemodule;
				VALIDATE_PRODUCT = YES;
			};
			name = Release;
		};
		871C0D752DA0427D0030AD3A /* Debug */ = {
			isa = XCBuildConfiguration;
			buildSettings = {
				ASSETCATALOG_COMPILER_APPICON_NAME = AppIcon;
				ASSETCATALOG_COMPILER_GLOBAL_ACCENT_COLOR_NAME = AccentColor;
				CODE_SIGN_STYLE = Automatic;
				CURRENT_PROJECT_VERSION = 1;
				DEVELOPMENT_ASSET_PATHS = "\"$(PROJECT_DIR)/01/Preview Content\"";
				DEVELOPMENT_TEAM = 49C4QDX443;
				ENABLE_PREVIEWS = YES;
				GENERATE_INFOPLIST_FILE = YES;
				INFOPLIST_KEY_CFBundleDisplayName = CountBuddy;
				INFOPLIST_KEY_LSApplicationCategoryType = "public.app-category.healthcare-fitness";
				INFOPLIST_KEY_NSBluetoothAlwaysUsageDescription = "";
				INFOPLIST_KEY_NSBluetoothPeripheralUsageDescription = "";
				INFOPLIST_KEY_UIApplicationSceneManifest_Generation = YES;
				INFOPLIST_KEY_UIApplicationSupportsIndirectInputEvents = YES;
				INFOPLIST_KEY_UILaunchScreen_Generation = YES;
				INFOPLIST_KEY_UISupportedInterfaceOrientations_iPad = "UIInterfaceOrientationPortrait UIInterfaceOrientationPortraitUpsideDown UIInterfaceOrientationLandscapeLeft UIInterfaceOrientationLandscapeRight";
				INFOPLIST_KEY_UISupportedInterfaceOrientations_iPhone = "UIInterfaceOrientationPortrait UIInterfaceOrientationLandscapeLeft UIInterfaceOrientationLandscapeRight";
				IPHONEOS_DEPLOYMENT_TARGET = 17.0;
				LD_RUNPATH_SEARCH_PATHS = (
					"$(inherited)",
					"@executable_path/Frameworks",
				);
				MARKETING_VERSION = 1.0;
				PRODUCT_BUNDLE_IDENTIFIER = "com.seniorProject.-1";
				PRODUCT_NAME = "$(TARGET_NAME)";
				SWIFT_EMIT_LOC_STRINGS = YES;
				SWIFT_VERSION = 5.0;
				TARGETED_DEVICE_FAMILY = "1,2";
			};
			name = Debug;
		};
		871C0D762DA0427D0030AD3A /* Release */ = {
			isa = XCBuildConfiguration;
			buildSettings = {
				ASSETCATALOG_COMPILER_APPICON_NAME = AppIcon;
				ASSETCATALOG_COMPILER_GLOBAL_ACCENT_COLOR_NAME = AccentColor;
				CODE_SIGN_STYLE = Automatic;
				CURRENT_PROJECT_VERSION = 1;
				DEVELOPMENT_ASSET_PATHS = "\"$(PROJECT_DIR)/01/Preview Content\"";
				DEVELOPMENT_TEAM = 49C4QDX443;
				ENABLE_PREVIEWS = YES;
				GENERATE_INFOPLIST_FILE = YES;
				INFOPLIST_KEY_CFBundleDisplayName = CountBuddy;
				INFOPLIST_KEY_LSApplicationCategoryType = "public.app-category.healthcare-fitness";
				INFOPLIST_KEY_NSBluetoothAlwaysUsageDescription = "";
				INFOPLIST_KEY_NSBluetoothPeripheralUsageDescription = "";
				INFOPLIST_KEY_UIApplicationSceneManifest_Generation = YES;
				INFOPLIST_KEY_UIApplicationSupportsIndirectInputEvents = YES;
				INFOPLIST_KEY_UILaunchScreen_Generation = YES;
				INFOPLIST_KEY_UISupportedInterfaceOrientations_iPad = "UIInterfaceOrientationPortrait UIInterfaceOrientationPortraitUpsideDown UIInterfaceOrientationLandscapeLeft UIInterfaceOrientationLandscapeRight";
				INFOPLIST_KEY_UISupportedInterfaceOrientations_iPhone = "UIInterfaceOrientationPortrait UIInterfaceOrientationLandscapeLeft UIInterfaceOrientationLandscapeRight";
				IPHONEOS_DEPLOYMENT_TARGET = 17.0;
				LD_RUNPATH_SEARCH_PATHS = (
					"$(inherited)",
					"@executable_path/Frameworks",
				);
				MARKETING_VERSION = 1.0;
				PRODUCT_BUNDLE_IDENTIFIER = "com.seniorProject.-1";
				PRODUCT_NAME = "$(TARGET_NAME)";
				SWIFT_EMIT_LOC_STRINGS = YES;
				SWIFT_VERSION = 5.0;
				TARGETED_DEVICE_FAMILY = "1,2";
			};
			name = Release;
		};
		871C0D782DA0427D0030AD3A /* Debug */ = {
			isa = XCBuildConfiguration;
			buildSettings = {
				BUNDLE_LOADER = "$(TEST_HOST)";
				CODE_SIGN_STYLE = Automatic;
				CURRENT_PROJECT_VERSION = 1;
				DEVELOPMENT_TEAM = 5LH2R7FG89;
				GENERATE_INFOPLIST_FILE = YES;
				IPHONEOS_DEPLOYMENT_TARGET = 18.0;
				MARKETING_VERSION = 1.0;
				PRODUCT_BUNDLE_IDENTIFIER = "com.seniorProject.-1Tests";
				PRODUCT_NAME = "$(TARGET_NAME)";
				SWIFT_EMIT_LOC_STRINGS = NO;
				SWIFT_VERSION = 5.0;
				TARGETED_DEVICE_FAMILY = "1,2";
				TEST_HOST = "$(BUILT_PRODUCTS_DIR)/01.app/$(BUNDLE_EXECUTABLE_FOLDER_PATH)/01";
			};
			name = Debug;
		};
		871C0D792DA0427D0030AD3A /* Release */ = {
			isa = XCBuildConfiguration;
			buildSettings = {
				BUNDLE_LOADER = "$(TEST_HOST)";
				CODE_SIGN_STYLE = Automatic;
				CURRENT_PROJECT_VERSION = 1;
				DEVELOPMENT_TEAM = 5LH2R7FG89;
				GENERATE_INFOPLIST_FILE = YES;
				IPHONEOS_DEPLOYMENT_TARGET = 18.0;
				MARKETING_VERSION = 1.0;
				PRODUCT_BUNDLE_IDENTIFIER = "com.seniorProject.-1Tests";
				PRODUCT_NAME = "$(TARGET_NAME)";
				SWIFT_EMIT_LOC_STRINGS = NO;
				SWIFT_VERSION = 5.0;
				TARGETED_DEVICE_FAMILY = "1,2";
				TEST_HOST = "$(BUILT_PRODUCTS_DIR)/01.app/$(BUNDLE_EXECUTABLE_FOLDER_PATH)/01";
			};
			name = Release;
		};
		871C0D7B2DA0427D0030AD3A /* Debug */ = {
			isa = XCBuildConfiguration;
			buildSettings = {
				CODE_SIGN_STYLE = Automatic;
				CURRENT_PROJECT_VERSION = 1;
				DEVELOPMENT_TEAM = 5LH2R7FG89;
				GENERATE_INFOPLIST_FILE = YES;
				MARKETING_VERSION = 1.0;
				PRODUCT_BUNDLE_IDENTIFIER = "com.seniorProject.-1UITests";
				PRODUCT_NAME = "$(TARGET_NAME)";
				SWIFT_EMIT_LOC_STRINGS = NO;
				SWIFT_VERSION = 5.0;
				TARGETED_DEVICE_FAMILY = "1,2";
				TEST_TARGET_NAME = 01;
			};
			name = Debug;
		};
		871C0D7C2DA0427D0030AD3A /* Release */ = {
			isa = XCBuildConfiguration;
			buildSettings = {
				CODE_SIGN_STYLE = Automatic;
				CURRENT_PROJECT_VERSION = 1;
				DEVELOPMENT_TEAM = 5LH2R7FG89;
				GENERATE_INFOPLIST_FILE = YES;
				MARKETING_VERSION = 1.0;
				PRODUCT_BUNDLE_IDENTIFIER = "com.seniorProject.-1UITests";
				PRODUCT_NAME = "$(TARGET_NAME)";
				SWIFT_EMIT_LOC_STRINGS = NO;
				SWIFT_VERSION = 5.0;
				TARGETED_DEVICE_FAMILY = "1,2";
				TEST_TARGET_NAME = 01;
			};
			name = Release;
		};
/* End XCBuildConfiguration section */

/* Begin XCConfigurationList section */
		871C0D4B2DA0427C0030AD3A /* Build configuration list for PBXProject "01" */ = {
			isa = XCConfigurationList;
			buildConfigurations = (
				871C0D722DA0427D0030AD3A /* Debug */,
				871C0D732DA0427D0030AD3A /* Release */,
			);
			defaultConfigurationIsVisible = 0;
			defaultConfigurationName = Release;
		};
		871C0D742DA0427D0030AD3A /* Build configuration list for PBXNativeTarget "01" */ = {
			isa = XCConfigurationList;
			buildConfigurations = (
				871C0D752DA0427D0030AD3A /* Debug */,
				871C0D762DA0427D0030AD3A /* Release */,
			);
			defaultConfigurationIsVisible = 0;
			defaultConfigurationName = Release;
		};
		871C0D772DA0427D0030AD3A /* Build configuration list for PBXNativeTarget "01Tests" */ = {
			isa = XCConfigurationList;
			buildConfigurations = (
				871C0D782DA0427D0030AD3A /* Debug */,
				871C0D792DA0427D0030AD3A /* Release */,
			);
			defaultConfigurationIsVisible = 0;
			defaultConfigurationName = Release;
		};
		871C0D7A2DA0427D0030AD3A /* Build configuration list for PBXNativeTarget "01UITests" */ = {
			isa = XCConfigurationList;
			buildConfigurations = (
				871C0D7B2DA0427D0030AD3A /* Debug */,
				871C0D7C2DA0427D0030AD3A /* Release */,
			);
			defaultConfigurationIsVisible = 0;
			defaultConfigurationName = Release;
		};
/* End XCConfigurationList section */

/* Begin XCRemoteSwiftPackageReference section */
		87215B432E1C34CF00362AD1 /* XCRemoteSwiftPackageReference "lottie-spm" */ = {
			isa = XCRemoteSwiftPackageReference;
			repositoryURL = "https://github.com/airbnb/lottie-spm.git";
			requirement = {
				kind = upToNextMajorVersion;
				minimumVersion = 4.5.2;
			};
		};
		8723FD292DC4AD6700F1E216 /* XCRemoteSwiftPackageReference "Inject" */ = {
			isa = XCRemoteSwiftPackageReference;
			repositoryURL = "https://github.com/krzysztofzablocki/Inject.git";
			requirement = {
				kind = upToNextMajorVersion;
				minimumVersion = 1.5.2;
			};
		};
		87BFCFB82E35ECFD00B3EF44 /* XCRemoteSwiftPackageReference "GoogleSignIn-iOS" */ = {
			isa = XCRemoteSwiftPackageReference;
			repositoryURL = "https://github.com/google/GoogleSignIn-iOS";
			requirement = {
				kind = upToNextMajorVersion;
				minimumVersion = 9.0.0;
			};
		};
		87BFCFC82E35F98A00B3EF44 /* XCRemoteSwiftPackageReference "firebase-ios-sdk" */ = {
			isa = XCRemoteSwiftPackageReference;
			repositoryURL = "https://github.com/firebase/firebase-ios-sdk.git";
			requirement = {
				kind = upToNextMajorVersion;
				minimumVersion = 12.0.0;
			};
		};
/* End XCRemoteSwiftPackageReference section */

/* Begin XCSwiftPackageProductDependency section */
		87215B442E1C34CF00362AD1 /* Lottie */ = {
			isa = XCSwiftPackageProductDependency;
			package = 87215B432E1C34CF00362AD1 /* XCRemoteSwiftPackageReference "lottie-spm" */;
			productName = Lottie;
		};
		8723FD2A2DC4AD6700F1E216 /* Inject */ = {
			isa = XCSwiftPackageProductDependency;
			package = 8723FD292DC4AD6700F1E216 /* XCRemoteSwiftPackageReference "Inject" */;
			productName = Inject;
		};
		87BFCFB92E35ECFD00B3EF44 /* GoogleSignIn */ = {
			isa = XCSwiftPackageProductDependency;
			package = 87BFCFB82E35ECFD00B3EF44 /* XCRemoteSwiftPackageReference "GoogleSignIn-iOS" */;
			productName = GoogleSignIn;
		};
		87BFCFBB2E35ECFD00B3EF44 /* GoogleSignInSwift */ = {
			isa = XCSwiftPackageProductDependency;
			package = 87BFCFB82E35ECFD00B3EF44 /* XCRemoteSwiftPackageReference "GoogleSignIn-iOS" */;
			productName = GoogleSignInSwift;
		};
		87BFCFC92E35F98A00B3EF44 /* FirebaseAnalytics */ = {
			isa = XCSwiftPackageProductDependency;
			package = 87BFCFC82E35F98A00B3EF44 /* XCRemoteSwiftPackageReference "firebase-ios-sdk" */;
			productName = FirebaseAnalytics;
		};
		87BFCFCB2E35F98A00B3EF44 /* FirebaseAuth */ = {
			isa = XCSwiftPackageProductDependency;
			package = 87BFCFC82E35F98A00B3EF44 /* XCRemoteSwiftPackageReference "firebase-ios-sdk" */;
			productName = FirebaseAuth;
		};
		87BFCFCD2E35F98A00B3EF44 /* FirebaseCore */ = {
			isa = XCSwiftPackageProductDependency;
			package = 87BFCFC82E35F98A00B3EF44 /* XCRemoteSwiftPackageReference "firebase-ios-sdk" */;
			productName = FirebaseCore;
		};
		87BFCFCF2E35F98A00B3EF44 /* FirebaseDatabase */ = {
			isa = XCSwiftPackageProductDependency;
			package = 87BFCFC82E35F98A00B3EF44 /* XCRemoteSwiftPackageReference "firebase-ios-sdk" */;
			productName = FirebaseDatabase;
		};
		87BFCFD12E35F98A00B3EF44 /* FirebaseFirestore */ = {
			isa = XCSwiftPackageProductDependency;
			package = 87BFCFC82E35F98A00B3EF44 /* XCRemoteSwiftPackageReference "firebase-ios-sdk" */;
			productName = FirebaseFirestore;
		};
		87BFCFD32E35F98A00B3EF44 /* FirebaseStorage */ = {
			isa = XCSwiftPackageProductDependency;
			package = 87BFCFC82E35F98A00B3EF44 /* XCRemoteSwiftPackageReference "firebase-ios-sdk" */;
			productName = FirebaseStorage;
		};
/* End XCSwiftPackageProductDependency section */
	};
	rootObject = 871C0D482DA0427C0030AD3A /* Project object */;
}
